PODS:
  - FetchPokemonsPod (0.1.0)

DEPENDENCIES:
  - FetchPokemonsPod (from `../FetchPokemonsPod/`)

EXTERNAL SOURCES:
  FetchPokemonsPod:
    :path: "../FetchPokemonsPod/"

SPEC CHECKSUMS:
  FetchPokemonsPod: f038832656f36056038f3f6402799f01bc7b2ecc

PODFILE CHECKSUM: 2d8a0213a5bf5692b220676d5dd440e39df2c7c7

COCOAPODS: 1.13.0
